{
  "name": "Dakik",
  "lockfileVersion": 1,
  "dependencies": {
    "@types/react": {
      "version": "https://registry.npmjs.org/@types/react/-/react-15.0.29.tgz",
      "integrity": "sha1-oQgxudAlvO9sq3vBxlR73duryTg=",
      "optional": true
    },
    "@types/react-dom": {
      "version": "http://registry.npmjs.org/@types/react-dom/-/react-dom-0.14.23.tgz",
      "integrity": "sha1-zs/PrXVLTCdl/l0puBswGImtbC4=",
      "optional": true
    },
    "asap": {
      "version": "https://registry.npmjs.org/asap/-/asap-2.0.5.tgz",
      "integrity": "sha1-UidltQw1EEkOUtfc/ghe+bqWlY8="
    },
    "babel-runtime": {
      "version": "https://registry.npmjs.org/babel-runtime/-/babel-runtime-6.23.0.tgz",
      "integrity": "sha1-CpSJ8UTecO+zzkMArM2zKeL8VDs="
    },
    "base64-js": {
      "version": "http://registry.npmjs.org/base64-js/-/base64-js-1.2.0.tgz",
      "integrity": "sha1-o5mS1yNYSBGYK+XikLtqU9hnAPE="
    },
    "bowser": {
      "version": "http://registry.npmjs.org/bowser/-/bowser-1.6.1.tgz",
      "integrity": "sha1-kVfpSY9FbpNxc6KRjzshYeU1PrM="
    },
    "buffer": {
      "version": "http://registry.npmjs.org/buffer/-/buffer-5.0.6.tgz",
      "integrity": "sha1-LqZp9+7Atu2gWwj4tf9mGyhXNYg="
    },
    "chain-function": {
      "version": "https://registry.npmjs.org/chain-function/-/chain-function-1.0.0.tgz",
      "integrity": "sha1-DUqzfn4Y6tC9xHuSB2QRjOWHM9w="
    },
    "change-emitter": {
      "version": "http://registry.npmjs.org/change-emitter/-/change-emitter-0.1.3.tgz",
      "integrity": "sha1-cxyTYJE4VfYT3SVlaNUPhUqIBqw="
    },
    "classnames": {
      "version": "http://registry.npmjs.org/classnames/-/classnames-2.2.5.tgz",
      "integrity": "sha1-+zgB1FNGdknvNgPH1hoCvRKb3m0="
    },
    "commonmark": {
      "version": "http://registry.npmjs.org/commonmark/-/commonmark-0.24.0.tgz",
      "integrity": "sha1-uA3gGCxUY1VkOqFdsSv7KCNoJ48="
    },
    "commonmark-react-renderer": {
      "version": "http://registry.npmjs.org/commonmark-react-renderer/-/commonmark-react-renderer-4.3.2.tgz",
      "integrity": "sha1-8wzevWYUHu9FzNLYL8AIYeHh90c="
    },
    "core-js": {
      "version": "https://registry.npmjs.org/core-js/-/core-js-2.4.1.tgz",
      "integrity": "sha1-TekR5mew6ukSTjQlS1OupvxhjT4="
    },
    "create-react-class": {
      "version": "https://registry.npmjs.org/create-react-class/-/create-react-class-15.6.0.tgz",
      "integrity": "sha1-q0SEl8JlZuHilBPogyB9V8/nvtQ="
    },
    "css-color-keywords": {
      "version": "https://registry.npmjs.org/css-color-keywords/-/css-color-keywords-1.0.0.tgz",
      "integrity": "sha1-/qJhbcZ2spYmhrOvjb2+GAskTgU="
    },
    "css-to-react-native": {
      "version": "https://registry.npmjs.org/css-to-react-native/-/css-to-react-native-2.0.4.tgz",
      "integrity": "sha1-z0zEB1WLNHTUuovhos07bOcTEBs="
    },
    "d3-array": {
      "version": "http://registry.npmjs.org/d3-array/-/d3-array-1.1.1.tgz",
      "integrity": "sha1-oBq+Y6Jf+5HTQjw8bQUbTTa8igk="
    },
    "d3-collection": {
      "version": "http://registry.npmjs.org/d3-collection/-/d3-collection-1.0.3.tgz",
      "integrity": "sha1-AL3qlPvBYo1DWruuL03CFk433TQ="
    },
    "d3-color": {
      "version": "http://registry.npmjs.org/d3-color/-/d3-color-1.0.3.tgz",
      "integrity": "sha1-vHZD/KjlOoNH4vva/6I2eWtYUJs="
    },
    "d3-ease": {
      "version": "http://registry.npmjs.org/d3-ease/-/d3-ease-1.0.3.tgz",
      "integrity": "sha1-aL+8NJM4o4DETYrMT7wzBKotjA4="
    },
    "d3-format": {
      "version": "http://registry.npmjs.org/d3-format/-/d3-format-1.2.0.tgz",
      "integrity": "sha1-a0gLqohohdRlHcJIqPSsnaFtsHo="
    },
    "d3-interpolate": {
      "version": "http://registry.npmjs.org/d3-interpolate/-/d3-interpolate-1.1.4.tgz",
      "integrity": "sha1-pD7Fs77jUNhRbv34GaTAjAU9swI="
    },
    "d3-path": {
      "version": "http://registry.npmjs.org/d3-path/-/d3-path-1.0.5.tgz",
      "integrity": "sha1-JB6xhJvZ6egCHA0KeZ+KDo5EF2Q="
    },
    "d3-scale": {
      "version": "http://registry.npmjs.org/d3-scale/-/d3-scale-1.0.5.tgz",
      "integrity": "sha1-QYUG8PsY6wUrOF4ZY5iswqQTSFg="
    },
    "d3-shape": {
      "version": "http://registry.npmjs.org/d3-shape/-/d3-shape-1.0.6.tgz",
      "integrity": "sha1-sJ4wXPDHxrmpjJDmtC9i2sS8/Vs="
    },
    "d3-time": {
      "version": "http://registry.npmjs.org/d3-time/-/d3-time-1.0.6.tgz",
      "integrity": "sha1-pVsT19FdOhYK6RcIIy4INfHV6UU="
    },
    "d3-time-format": {
      "version": "http://registry.npmjs.org/d3-time-format/-/d3-time-format-2.0.5.tgz",
      "integrity": "sha1-nXeAIE98kRnJFwsaVttN6aivly4="
    },
    "d3-timer": {
      "version": "http://registry.npmjs.org/d3-timer/-/d3-timer-1.0.5.tgz",
      "integrity": "sha1-smbUdscbDSaeesXzUrQQo7b+bvA="
    },
    "d3-voronoi": {
      "version": "http://registry.npmjs.org/d3-voronoi/-/d3-voronoi-1.1.2.tgz",
      "integrity": "sha1-Fodmfo8TotFYyAwUgMWinLDYlzw="
    },
    "debug": {
      "version": "https://registry.npmjs.org/debug/-/debug-2.6.3.tgz",
      "integrity": "sha1-D364wwll7AjHKsz6ATDIt5mEFB0="
    },
    "dom-helpers": {
      "version": "https://registry.npmjs.org/dom-helpers/-/dom-helpers-3.2.1.tgz",
      "integrity": "sha1-MgPgf+0he9H0JLAZc1WC/Deyglo="
    },
    "encoding": {
      "version": "http://registry.npmjs.org/encoding/-/encoding-0.1.12.tgz",
      "integrity": "sha1-U4tm8+5izRq1HsMjgp0flIDHS+s="
    },
    "entities": {
      "version": "http://registry.npmjs.org/entities/-/entities-1.1.1.tgz",
      "integrity": "sha1-blwtClYhtdra7O+AuQ7ftc13cvA="
    },
    "fbjs": {
      "version": "http://registry.npmjs.org/fbjs/-/fbjs-0.8.12.tgz",
      "integrity": "sha1-ELXZL3bUVXX9Y6IX1OoCvqL47QQ=",
      "dependencies": {
        "core-js": {
          "version": "http://registry.npmjs.org/core-js/-/core-js-1.2.7.tgz",
          "integrity": "sha1-ZSKUwUZR2yj6k70tX/KYOk8IxjY="
        }
      }
    },
    "flexbox-react": {
      "version": "https://registry.npmjs.org/flexbox-react/-/flexbox-react-4.4.0.tgz",
      "integrity": "sha1-NevT6xCLvaGydg30loqrxwYfXzM="
    },
    "has-flag": {
      "version": "http://registry.npmjs.org/has-flag/-/has-flag-1.0.0.tgz",
      "integrity": "sha1-nZ55MWXOAXoA8AQYxD+UKnsdEfo="
    },
    "history": {
      "version": "https://registry.npmjs.org/history/-/history-4.6.2.tgz",
      "integrity": "sha1-cW6GPh2g6XoCju1tpkQGHdHh7R0="
    },
    "hoist-non-react-statics": {
      "version": "http://registry.npmjs.org/hoist-non-react-statics/-/hoist-non-react-statics-1.2.0.tgz",
      "integrity": "sha1-qkSM8JhtVcxAdzsXF0t90GbLfPs="
    },
    "httpplease": {
      "version": "http://registry.npmjs.org/httpplease/-/httpplease-0.16.4.tgz",
      "integrity": "sha1-04Lr4jDvUHkIC06f/r8xap51wNo="
    },
    "hyphenate-style-name": {
      "version": "http://registry.npmjs.org/hyphenate-style-name/-/hyphenate-style-name-1.0.2.tgz",
      "integrity": "sha1-MRYKNpMK2vH8BMYHT360FGXU7Es="
    },
    "iconv-lite": {
      "version": "http://registry.npmjs.org/iconv-lite/-/iconv-lite-0.4.15.tgz",
      "integrity": "sha1-/iZaIYrGpXz+hUkn6dBMGYJe3es="
    },
    "ieee754": {
      "version": "http://registry.npmjs.org/ieee754/-/ieee754-1.1.8.tgz",
      "integrity": "sha1-vjPUCsEO8ZJnAfbwii2G+/0a0+Q="
    },
    "in-publish": {
      "version": "http://registry.npmjs.org/in-publish/-/in-publish-2.0.0.tgz",
      "integrity": "sha1-4g/146KvwmkDILbcVSaCqcf631E="
    },
    "inline-style-prefixer": {
      "version": "http://registry.npmjs.org/inline-style-prefixer/-/inline-style-prefixer-2.0.5.tgz",
      "integrity": "sha1-wVPH6I/YT+9cYC6VqBaLJ3BnH+c="
    },
    "invariant": {
      "version": "https://registry.npmjs.org/invariant/-/invariant-2.2.2.tgz",
      "integrity": "sha1-nh9WrArNtr8wMwbzOL47IErmA2A="
    },
    "is-function": {
      "version": "http://registry.npmjs.org/is-function/-/is-function-1.0.1.tgz",
      "integrity": "sha1-Es+5i2W1fdPRk6MSH19uL0N2ArU="
    },
    "is-plain-object": {
      "version": "https://registry.npmjs.org/is-plain-object/-/is-plain-object-2.0.3.tgz",
      "integrity": "sha1-wVvz5LZrYtcu+vKSWEhmPsvGGbY="
    },
    "is-stream": {
      "version": "http://registry.npmjs.org/is-stream/-/is-stream-1.1.0.tgz",
      "integrity": "sha1-EtSj3U5o4Lec6428hBc66A2RykQ="
    },
    "isarray": {
      "version": "http://registry.npmjs.org/isarray/-/isarray-0.0.1.tgz",
      "integrity": "sha1-ihis/Kmo9Bd+Cav8YDiTmwXR7t8="
    },
    "isobject": {
      "version": "https://registry.npmjs.org/isobject/-/isobject-3.0.0.tgz",
      "integrity": "sha1-OVZSF/NmF4nooKDAgNX35rxG4aA="
    },
    "isomorphic-fetch": {
      "version": "http://registry.npmjs.org/isomorphic-fetch/-/isomorphic-fetch-2.2.1.tgz",
      "integrity": "sha1-YRrhrPFPXoH3KVB0coGf6XM1WKk="
    },
    "jquery": {
      "version": "http://registry.npmjs.org/jquery/-/jquery-3.2.1.tgz",
      "integrity": "sha1-XE2d5lKvbNCncBVKYxu6ErAVx4c="
    },
    "js-tokens": {
      "version": "https://registry.npmjs.org/js-tokens/-/js-tokens-3.0.1.tgz",
      "integrity": "sha1-COnxMkhKLEWjCQfp3E1VZ7fxFNc="
    },
    "keycode": {
      "version": "http://registry.npmjs.org/keycode/-/keycode-2.1.8.tgz",
      "integrity": "sha1-lNK3CYIV7/Do+aiTHVpZB2xFMvs="
    },
    "lodash": {
      "version": "https://registry.npmjs.org/lodash/-/lodash-4.17.4.tgz",
      "integrity": "sha1-eCA6TRwyiuHYbcpkYONptX9AVa4="
    },
    "lodash-es": {
      "version": "http://registry.npmjs.org/lodash-es/-/lodash-es-4.17.4.tgz",
      "integrity": "sha1-3MHXVS4VCgZABzupyzHXDwMpUOc="
    },
    "lodash.assign": {
      "version": "http://registry.npmjs.org/lodash.assign/-/lodash.assign-4.2.0.tgz",
      "integrity": "sha1-DZnzzNem0mHRm9rrkkUAXShYCOc="
    },
    "lodash.isplainobject": {
      "version": "https://registry.npmjs.org/lodash.isplainobject/-/lodash.isplainobject-4.0.6.tgz",
      "integrity": "sha1-fFJqUtibRcRcxpC4gWO+BJf1UMs="
    },
    "lodash.merge": {
      "version": "http://registry.npmjs.org/lodash.merge/-/lodash.merge-4.6.0.tgz",
      "integrity": "sha1-aYhLoUSsM/5plzemCG3v+t0PicU="
    },
    "lodash.throttle": {
      "version": "http://registry.npmjs.org/lodash.throttle/-/lodash.throttle-4.1.1.tgz",
      "integrity": "sha1-wj6RtxAkKscMN/HhzaknTMOb8vQ="
    },
    "loose-envify": {
      "version": "https://registry.npmjs.org/loose-envify/-/loose-envify-1.3.1.tgz",
      "integrity": "sha1-0aitM/qc4OcT1l/dCsi3SNR4yEg="
    },
    "material-ui": {
      "version": "http://registry.npmjs.org/material-ui/-/material-ui-0.16.7.tgz",
      "integrity": "sha1-XsUIDV8ieBcJLESRBd+cvIgHlBw="
    },
    "mdurl": {
      "version": "http://registry.npmjs.org/mdurl/-/mdurl-1.0.1.tgz",
      "integrity": "sha1-/oWy7HWlkDfyrf7BAP1sYBdhFS4="
    },
    "meteor-node-stubs": {
      "version": "https://registry.npmjs.org/meteor-node-stubs/-/meteor-node-stubs-0.2.11.tgz",
      "integrity": "sha1-cV5Owc6IgkiylgThbQkiVrDLfjQ=",
      "dependencies": {
        "asn1.js": {
          "version": "https://registry.npmjs.org/asn1.js/-/asn1.js-4.9.0.tgz",
          "integrity": "sha1-9xoSQ/PnnUbXsH1/v0gk7nOvBUo="
        },
        "assert": {
          "version": "https://registry.npmjs.org/assert/-/assert-1.4.1.tgz",
          "integrity": "sha1-mZEtWRg2tab1s0XA8H7vwI/GXZE="
        },
        "balanced-match": {
          "version": "https://registry.npmjs.org/balanced-match/-/balanced-match-0.4.2.tgz",
          "integrity": "sha1-yz8+PHMtwPAe5wtAPzAuYddwmDg="
        },
        "Base64": {
          "version": "https://registry.npmjs.org/Base64/-/Base64-0.2.1.tgz",
          "integrity": "sha1-ujpCMHCOGGcFBl5mur3Uw1z2ACg="
        },
        "base64-js": {
          "version": "https://registry.npmjs.org/base64-js/-/base64-js-1.2.0.tgz",
          "integrity": "sha1-o5mS1yNYSBGYK+XikLtqU9hnAPE="
        },
        "bn.js": {
          "version": "https://registry.npmjs.org/bn.js/-/bn.js-4.11.6.tgz",
          "integrity": "sha1-UzRK2xRhehP26N0s4okF0cC6MhU="
        },
        "brace-expansion": {
          "version": "https://registry.npmjs.org/brace-expansion/-/brace-expansion-1.1.7.tgz",
          "integrity": "sha1-Pv/DxQ4ABTH7cg6v+A8K6O8jz1k="
        },
        "brorand": {
          "version": "https://registry.npmjs.org/brorand/-/brorand-1.0.6.tgz",
          "integrity": "sha1-QChwa5FfkfezSaLgvzw3YDnSFuU="
        },
        "browserify-aes": {
          "version": "https://registry.npmjs.org/browserify-aes/-/browserify-aes-1.0.6.tgz",
          "integrity": "sha1-Xncl297x/Vkw1OurSFZ85FHEigo="
        },
        "browserify-cipher": {
          "version": "https://registry.npmjs.org/browserify-cipher/-/browserify-cipher-1.0.0.tgz",
          "integrity": "sha1-mYgkSHS/XtTijalWZtzWasj8Njo="
        },
        "browserify-des": {
          "version": "https://registry.npmjs.org/browserify-des/-/browserify-des-1.0.0.tgz",
          "integrity": "sha1-2qJ3cXRwki7S/hhZQRihdUOXId0="
        },
        "browserify-rsa": {
          "version": "https://registry.npmjs.org/browserify-rsa/-/browserify-rsa-4.0.1.tgz",
          "integrity": "sha1-IeCr+vbyApzy+vsTNWenAdQTVSQ="
        },
        "browserify-sign": {
          "version": "https://registry.npmjs.org/browserify-sign/-/browserify-sign-4.0.0.tgz",
          "integrity": "sha1-EHc5EMPCBtVCCkaq2GlPgguFlo8="
        },
        "browserify-zlib": {
          "version": "https://registry.npmjs.org/browserify-zlib/-/browserify-zlib-0.1.4.tgz",
          "integrity": "sha1-uzX4pRn2AOD6a4SFJByXnQFB+y0="
        },
        "buffer": {
          "version": "https://registry.npmjs.org/buffer/-/buffer-4.9.1.tgz",
          "integrity": "sha1-bRu2AbB6TvztlwlBMgkwJ8lbwpg="
        },
        "buffer-xor": {
          "version": "https://registry.npmjs.org/buffer-xor/-/buffer-xor-1.0.3.tgz",
          "integrity": "sha1-JuYe0UIvtw3ULm42cp7VHYVf6Nk="
        },
        "cipher-base": {
          "version": "https://registry.npmjs.org/cipher-base/-/cipher-base-1.0.3.tgz",
          "integrity": "sha1-7qvxlEGc6QDaMBjCB9IS8qbfCgc="
        },
        "concat-map": {
          "version": "https://registry.npmjs.org/concat-map/-/concat-map-0.0.1.tgz",
          "integrity": "sha1-2Klr13/Wjfd5OnMDajug1UBdR3s="
        },
        "console-browserify": {
          "version": "https://registry.npmjs.org/console-browserify/-/console-browserify-1.1.0.tgz",
          "integrity": "sha1-8CQcRXMKn8YyOyBtvzjtx0HQuxA="
        },
        "constants-browserify": {
          "version": "https://registry.npmjs.org/constants-browserify/-/constants-browserify-1.0.0.tgz",
          "integrity": "sha1-wguW2MYXdIqvHBYCF2DNJ/y4y3U="
        },
        "create-ecdh": {
          "version": "https://registry.npmjs.org/create-ecdh/-/create-ecdh-4.0.0.tgz",
          "integrity": "sha1-iIxyNZbN92EvZJgjPuvXo1MBc30="
        },
        "create-hash": {
          "version": "https://registry.npmjs.org/create-hash/-/create-hash-1.1.2.tgz",
          "integrity": "sha1-USEAYte7dHn2xlu0GpIgix1hq60="
        },
        "create-hmac": {
          "version": "https://registry.npmjs.org/create-hmac/-/create-hmac-1.1.4.tgz",
          "integrity": "sha1-0/tLolPriz9W456i+8uK90e9MXA="
        },
        "crypto-browserify": {
          "version": "https://registry.npmjs.org/crypto-browserify/-/crypto-browserify-3.11.0.tgz",
          "integrity": "sha1-NlKgkGq5sqfgw85mpAjpV6JIVSI="
        },
        "date-now": {
          "version": "https://registry.npmjs.org/date-now/-/date-now-0.1.4.tgz",
          "integrity": "sha1-6vQ5/U1ISK105cx9vvIAZyueNFs="
        },
        "des.js": {
          "version": "https://registry.npmjs.org/des.js/-/des.js-1.0.0.tgz",
          "integrity": "sha1-wHTS4qpqipoH29YfmhXCzYPsjsw="
        },
        "diffie-hellman": {
          "version": "https://registry.npmjs.org/diffie-hellman/-/diffie-hellman-5.0.2.tgz",
          "integrity": "sha1-tYNXOScM/ias9jIJn97SoH8gnl4="
        },
        "domain-browser": {
          "version": "https://registry.npmjs.org/domain-browser/-/domain-browser-1.1.7.tgz",
          "integrity": "sha1-hnqksJP6oF8d4IwG9NeyH9+GmLw="
        },
        "elliptic": {
          "version": "https://registry.npmjs.org/elliptic/-/elliptic-6.3.2.tgz",
          "integrity": "sha1-5MgeCCnPCmWrcOmYuCMnI7XBvEg="
        },
        "events": {
          "version": "https://registry.npmjs.org/events/-/events-1.1.1.tgz",
          "integrity": "sha1-nr23Y1rQmccNzEwqH1AEKI6L2SQ="
        },
        "evp_bytestokey": {
          "version": "https://registry.npmjs.org/evp_bytestokey/-/evp_bytestokey-1.0.0.tgz",
          "integrity": "sha1-SXtmrZ/vZc18CKYYCCS6FHa2blM="
        },
        "fs.realpath": {
          "version": "https://registry.npmjs.org/fs.realpath/-/fs.realpath-1.0.0.tgz",
          "integrity": "sha1-FQStJSMVjKpA20onh8sBQRmU6k8="
        },
        "glob": {
          "version": "https://registry.npmjs.org/glob/-/glob-7.1.2.tgz",
          "integrity": "sha1-wZyd+aAocC1nhhI4SmVSQExjbRU="
        },
        "hash.js": {
          "version": "https://registry.npmjs.org/hash.js/-/hash.js-1.0.3.tgz",
          "integrity": "sha1-EzL/ABVsCg/92CNgE9B7d6BFFXM="
        },
        "http-browserify": {
          "version": "https://registry.npmjs.org/http-browserify/-/http-browserify-1.7.0.tgz",
          "integrity": "sha1-M3la3nLfiKz7/TZ3PO/tp2RzWyA="
        },
        "https-browserify": {
          "version": "https://registry.npmjs.org/https-browserify/-/https-browserify-0.0.1.tgz",
          "integrity": "sha1-P5E2XKvmC3ftDruiS0VOPgnZWoI="
        },
        "ieee754": {
          "version": "https://registry.npmjs.org/ieee754/-/ieee754-1.1.8.tgz",
          "integrity": "sha1-vjPUCsEO8ZJnAfbwii2G+/0a0+Q="
        },
        "indexof": {
          "version": "https://registry.npmjs.org/indexof/-/indexof-0.0.1.tgz",
          "integrity": "sha1-gtwzbSMrkGIXnQWrMpOmYFn9Q10="
        },
        "inflight": {
          "version": "https://registry.npmjs.org/inflight/-/inflight-1.0.6.tgz",
          "integrity": "sha1-Sb1jMdfQLQwJvJEKEHW6gWW1bfk="
        },
        "inherits": {
          "version": "https://registry.npmjs.org/inherits/-/inherits-2.0.1.tgz",
          "integrity": "sha1-sX0I0ya0Qj5Wjv9xn5GwscvfafE="
        },
        "isarray": {
          "version": "https://registry.npmjs.org/isarray/-/isarray-1.0.0.tgz",
          "integrity": "sha1-u5NdSFgsuhaMBoNJV6VKPgcSTxE="
        },
        "miller-rabin": {
          "version": "https://registry.npmjs.org/miller-rabin/-/miller-rabin-4.0.0.tgz",
          "integrity": "sha1-SmL7HUKTPAVYOYL0xxb2+55sbT0="
        },
        "minimalistic-assert": {
          "version": "https://registry.npmjs.org/minimalistic-assert/-/minimalistic-assert-1.0.0.tgz",
          "integrity": "sha1-cCvi3aazf0g2vLP121ZkG2Sh09M="
        },
        "minimatch": {
          "version": "https://registry.npmjs.org/minimatch/-/minimatch-3.0.4.tgz",
          "integrity": "sha1-UWbihkV/AzBgZL5Ul+jbsMPTIIM="
        },
        "once": {
          "version": "https://registry.npmjs.org/once/-/once-1.4.0.tgz",
          "integrity": "sha1-WDsap3WWHUsROsF9nFC6753Xa9E="
        },
        "os-browserify": {
          "version": "https://registry.npmjs.org/os-browserify/-/os-browserify-0.2.1.tgz",
          "integrity": "sha1-Y/xMzuXS13Y9Jrv4YBB45sLgBE8="
        },
        "pako": {
          "version": "https://registry.npmjs.org/pako/-/pako-0.2.9.tgz",
          "integrity": "sha1-8/dSL073gjSNqBYbrZ7P1Rv4OnU="
        },
        "parse-asn1": {
          "version": "https://registry.npmjs.org/parse-asn1/-/parse-asn1-5.0.0.tgz",
          "integrity": "sha1-NQYPbVAV03Yox3D04JGgtaJ4vCM="
        },
        "path-browserify": {
          "version": "https://registry.npmjs.org/path-browserify/-/path-browserify-0.0.0.tgz",
          "integrity": "sha1-oLhwcpquIUAFt9UDLsLLuw+0RRo="
        },
        "path-is-absolute": {
          "version": "https://registry.npmjs.org/path-is-absolute/-/path-is-absolute-1.0.1.tgz",
          "integrity": "sha1-F0uSaHNVNP+8es5r9TpanhtcX18="
        },
        "pbkdf2": {
          "version": "https://registry.npmjs.org/pbkdf2/-/pbkdf2-3.0.9.tgz",
          "integrity": "sha1-8sSyWmAAWLPDdzwIbDfbvuH/5pM="
        },
        "process": {
          "version": "https://registry.npmjs.org/process/-/process-0.11.9.tgz",
          "integrity": "sha1-e9WtIapiU+fahoImTx4R0RwDGME="
        },
        "process-nextick-args": {
          "version": "https://registry.npmjs.org/process-nextick-args/-/process-nextick-args-1.0.7.tgz",
          "integrity": "sha1-FQ4gt1ZZCtP5EJPyWk8q2L/zC6M="
        },
        "public-encrypt": {
          "version": "https://registry.npmjs.org/public-encrypt/-/public-encrypt-4.0.0.tgz",
          "integrity": "sha1-OfaZ86RlYN1eusvKaTyvfGXBjMY="
        },
        "punycode": {
          "version": "https://registry.npmjs.org/punycode/-/punycode-1.4.1.tgz",
          "integrity": "sha1-wNWmOycYgArY4esPpSachN1BhF4="
        },
        "querystring": {
          "version": "https://registry.npmjs.org/querystring/-/querystring-0.2.0.tgz",
          "integrity": "sha1-sgmEkgO7Jd+CDadW50cAWHhSFiA="
        },
        "querystring-es3": {
          "version": "https://registry.npmjs.org/querystring-es3/-/querystring-es3-0.2.1.tgz",
          "integrity": "sha1-nsYfeQSYdXB9aUFFlv2Qek1xHnM="
        },
        "randombytes": {
          "version": "https://registry.npmjs.org/randombytes/-/randombytes-2.0.3.tgz",
          "integrity": "sha1-Z0yZdgkBw8QRJ3GjHlIdw0nMCew="
        },
        "readable-stream": {
          "version": "git+https://github.com/meteor/readable-stream.git#2e9112d7d31a2af6e0682db0e18679b1e5fd4694"
        },
        "rimraf": {
          "version": "https://registry.npmjs.org/rimraf/-/rimraf-2.6.1.tgz",
          "integrity": "sha1-wjOOxkPfeht/5cVPqG9XQopV8z0="
        },
        "ripemd160": {
          "version": "https://registry.npmjs.org/ripemd160/-/ripemd160-1.0.1.tgz",
          "integrity": "sha1-k6S71JQrxXS2mo+lfHHeEOzKfW4="
        },
        "safe-buffer": {
          "version": "https://registry.npmjs.org/safe-buffer/-/safe-buffer-5.0.1.tgz",
          "integrity": "sha1-0mPKVGls2KMGtcplUekt5XkY++c="
        },
        "sha.js": {
          "version": "https://registry.npmjs.org/sha.js/-/sha.js-2.4.8.tgz",
          "integrity": "sha1-NwaMLEdra69ALRSknGf1l5IfY08="
        },
        "stream-browserify": {
          "version": "https://registry.npmjs.org/stream-browserify/-/stream-browserify-2.0.1.tgz",
          "integrity": "sha1-ZiZu5fm9uZQKTkUUyvtDu3Hlyds="
        },
        "string_decoder": {
          "version": "https://registry.npmjs.org/string_decoder/-/string_decoder-1.0.1.tgz",
          "integrity": "sha1-YuIA8DmVWmgQ2N8KM//A8BNmLZg="
        },
        "timers-browserify": {
          "version": "https://registry.npmjs.org/timers-browserify/-/timers-browserify-1.4.2.tgz",
          "integrity": "sha1-ycWLV1voQHN1y14kYtrO50NZ9B0="
        },
        "tty-browserify": {
          "version": "https://registry.npmjs.org/tty-browserify/-/tty-browserify-0.0.0.tgz",
          "integrity": "sha1-oVe6QC2iTpv5V/mqadUk7tQpAaY="
        },
        "url": {
          "version": "https://registry.npmjs.org/url/-/url-0.11.0.tgz",
          "integrity": "sha1-ODjpfPxgUh63PFJajlW/3Z4uKPE=",
          "dependencies": {
            "punycode": {
              "version": "https://registry.npmjs.org/punycode/-/punycode-1.3.2.tgz",
              "integrity": "sha1-llOgNvt8HuQjQvIyXM7v6jkmxI0="
            }
          }
        },
        "util": {
          "version": "https://registry.npmjs.org/util/-/util-0.10.3.tgz",
          "integrity": "sha1-evsa/lCAUkZInj23/g7TeTNqwPk="
        },
        "util-deprecate": {
          "version": "https://registry.npmjs.org/util-deprecate/-/util-deprecate-1.0.2.tgz",
          "integrity": "sha1-RQ1Nyfpw3nMnYvvS1KKJgUGaDM8="
        },
        "vm-browserify": {
          "version": "https://registry.npmjs.org/vm-browserify/-/vm-browserify-0.0.4.tgz",
          "integrity": "sha1-XX6kW7755Kb/ZflUOOCofDV9WnM="
        },
        "wrappy": {
          "version": "https://registry.npmjs.org/wrappy/-/wrappy-1.0.2.tgz",
          "integrity": "sha1-tSQ9jz7BqjXxNkYFvA0QNuMKtp8="
        }
      }
    },
    "moment": {
      "version": "http://registry.npmjs.org/moment/-/moment-2.18.1.tgz",
      "integrity": "sha1-w2GT3Tzhwu7SrbfIAtu8d6gbHA8="
    },
    "ms": {
      "version": "https://registry.npmjs.org/ms/-/ms-0.7.2.tgz",
      "integrity": "sha1-riXPJRKziFodldfwN4aNhDESR2U="
    },
    "node-fetch": {
      "version": "http://registry.npmjs.org/node-fetch/-/node-fetch-1.6.3.tgz",
      "integrity": "sha1-3CNO3WSJmC1Y6PDbT2lQKavNjAQ="
    },
    "noty": {
      "version": "http://registry.npmjs.org/noty/-/noty-3.1.0.tgz",
      "integrity": "sha1-9AeunAPYgMrEtei3/UZfmYZqDbI="
    },
    "oauth": {
      "version": "http://registry.npmjs.org/oauth/-/oauth-0.9.15.tgz",
      "integrity": "sha1-vR/vr2hslrdUda7VGWQS/2DPucE="
    },
    "object-assign": {
      "version": "http://registry.npmjs.org/object-assign/-/object-assign-4.1.1.tgz",
      "integrity": "sha1-IQmtx5ZYh8/AXLvUQsrIv7s2CGM="
    },
    "once": {
      "version": "http://registry.npmjs.org/once/-/once-1.4.0.tgz",
      "integrity": "sha1-WDsap3WWHUsROsF9nFC6753Xa9E="
    },
    "pascalcase": {
      "version": "http://registry.npmjs.org/pascalcase/-/pascalcase-0.1.1.tgz",
      "integrity": "sha1-s2PlXoAGym/iF4TS2yK9FdeRfxQ="
    },
    "path-to-regexp": {
      "version": "http://registry.npmjs.org/path-to-regexp/-/path-to-regexp-1.7.0.tgz",
      "integrity": "sha1-Wf3g9DW62suhA6hOnTvGTpa5k30="
    },
    "postcss-value-parser": {
      "version": "https://registry.npmjs.org/postcss-value-parser/-/postcss-value-parser-3.3.0.tgz",
      "integrity": "sha1-h/OPnxj3dKSrTIojL1xc6IcqnRU="
    },
    "progressbar.js": {
      "version": "1.0.1",
      "resolved": "https://registry.npmjs.org/progressbar.js/-/progressbar.js-1.0.1.tgz",
      "integrity": "sha1-9/v8GVJA/guzL2972y5/9ADqcfk="
    },
    "promise": {
      "version": "https://registry.npmjs.org/promise/-/promise-7.1.1.tgz",
      "integrity": "sha1-SJZUxpJha4qlWwck+oCbt9tJxb8="
    },
    "prop-types": {
      "version": "15.5.10",
      "resolved": "https://registry.npmjs.org/prop-types/-/prop-types-15.5.10.tgz",
      "integrity": "sha1-J5ffwxJhguOpXj37suiT3ddFYVQ="
    },
    "querystringify": {
      "version": "https://registry.npmjs.org/querystringify/-/querystringify-1.0.0.tgz",
      "integrity": "sha1-YoYkIRLFtxL6ZU5SZlK/ahP/Bcs="
    },
    "react": {
      "version": "https://registry.npmjs.org/react/-/react-15.6.1.tgz",
      "integrity": "sha1-uqhDTsZ4C96ZfNw4C3nNM7ljk98=",
      "dependencies": {
        "prop-types": {
          "version": "https://registry.npmjs.org/prop-types/-/prop-types-15.5.10.tgz",
          "integrity": "sha1-J5ffwxJhguOpXj37suiT3ddFYVQ="
        }
      }
    },
    "react-addons-create-fragment": {
      "version": "http://registry.npmjs.org/react-addons-create-fragment/-/react-addons-create-fragment-15.5.3.tgz",
      "integrity": "sha1-0AJWdanpiyWRJAOCxztJElEGYQk="
    },
    "react-addons-css-transition-group": {
      "version": "https://registry.npmjs.org/react-addons-css-transition-group/-/react-addons-css-transition-group-15.6.0.tgz",
      "integrity": "sha1-aYh89uSHTSXNZuIqaZ4p8NZIq6A="
    },
    "react-addons-pure-render-mixin": {
      "version": "https://registry.npmjs.org/react-addons-pure-render-mixin/-/react-addons-pure-render-mixin-15.6.0.tgz",
      "integrity": "sha1-hLoChjDN+JI50W8btNmP6GVlGBM="
    },
    "react-addons-transition-group": {
      "version": "http://registry.npmjs.org/react-addons-transition-group/-/react-addons-transition-group-15.5.2.tgz",
      "integrity": "sha1-2mmJ2c/+J9/6yu3IYgAP+wmuIgY="
    },
    "react-countdown-clock": {
      "version": "http://registry.npmjs.org/react-countdown-clock/-/react-countdown-clock-1.1.0.tgz",
      "integrity": "sha1-ov9obKsc6zb9UpETZya9xvTGkEM="
    },
    "react-dom": {
      "version": "https://registry.npmjs.org/react-dom/-/react-dom-15.6.1.tgz",
      "integrity": "sha1-LLDtQZEDjlPCCes6eaI+Kkz5lHA=",
      "dependencies": {
        "prop-types": {
          "version": "https://registry.npmjs.org/prop-types/-/prop-types-15.5.10.tgz",
          "integrity": "sha1-J5ffwxJhguOpXj37suiT3ddFYVQ="
        }
      }
    },
    "react-event-listener": {
      "version": "http://registry.npmjs.org/react-event-listener/-/react-event-listener-0.4.5.tgz",
      "integrity": "sha1-4+iVoJcM8U7o+JAROvaBl6vz0LE="
    },
    "react-icon-base": {
      "version": "https://registry.npmjs.org/react-icon-base/-/react-icon-base-2.0.7.tgz",
      "integrity": "sha1-C9GHNr1s55ym1pzoOHoH+41M7/4=",
      "dependencies": {
        "prop-types": {
          "version": "15.5.8",
          "resolved": "https://registry.npmjs.org/prop-types/-/prop-types-15.5.8.tgz",
          "integrity": "sha1-a3suFBCDvjjIWVqlH8VXdccZk5Q="
        }
      }
    },
    "react-icons": {
      "version": "https://registry.npmjs.org/react-icons/-/react-icons-2.2.5.tgz",
      "integrity": "sha1-+UJQHCGkzARWziu+5QMsk/YFHc8="
    },
    "react-inlinesvg": {
      "version": "http://registry.npmjs.org/react-inlinesvg/-/react-inlinesvg-0.5.5.tgz",
      "integrity": "sha1-gRx13s05Lq72gjRnUUGML9kRr0I="
    },
    "react-markdown": {
      "version": "http://registry.npmjs.org/react-markdown/-/react-markdown-2.5.0.tgz",
      "integrity": "sha1-scYZBP7liViGgDvZ332yPD3DqJ4="
    },
    "react-redux": {
      "version": "https://registry.npmjs.org/react-redux/-/react-redux-5.0.5.tgz",
      "integrity": "sha1-+OjHsjlCJXblLWt9sGQ5RpvphGo=",
      "dependencies": {
        "prop-types": {
          "version": "https://registry.npmjs.org/prop-types/-/prop-types-15.5.10.tgz",
          "integrity": "sha1-J5ffwxJhguOpXj37suiT3ddFYVQ="
        }
      }
    },
    "react-router": {
      "version": "http://registry.npmjs.org/react-router/-/react-router-4.1.1.tgz",
      "integrity": "sha1-1Ejzt8G0Kab7sDOVCZlJxgax/pU="
    },
    "react-router-dom": {
      "version": "http://registry.npmjs.org/react-router-dom/-/react-router-dom-4.1.1.tgz",
      "integrity": "sha1-MCGt4fLBYK+Xz5TiVZTF8pRYMCU="
    },
    "react-router-redux": {
      "version": "http://registry.npmjs.org/react-router-redux/-/react-router-redux-5.0.0-alpha.6.tgz",
      "integrity": "sha1-dBhmPC7NPFG+hW/PKPPR3uzBpXY="
    },
    "react-tap-event-plugin": {
      "version": "http://registry.npmjs.org/react-tap-event-plugin/-/react-tap-event-plugin-2.0.1.tgz",
      "integrity": "sha1-MWvrO8ZVbinshppyk+icgmqQdNI="
    },
    "react-transition-group": {
      "version": "https://registry.npmjs.org/react-transition-group/-/react-transition-group-1.2.0.tgz",
      "integrity": "sha1-tR/JIbDDg1p+98Vxx5/ILHPpIE8="
    },
    "recompose": {
      "version": "http://registry.npmjs.org/recompose/-/recompose-0.21.2.tgz",
      "integrity": "sha1-/z+9sjl7HHfEfUUb4qY7kpXURoE="
    },
    "redux": {
      "version": "https://registry.npmjs.org/redux/-/redux-3.7.0.tgz",
      "integrity": "sha1-B6Yjyv2S7uir4wnRPRZTj2cHkm8="
    },
    "regenerator-runtime": {
      "version": "https://registry.npmjs.org/regenerator-runtime/-/regenerator-runtime-0.10.3.tgz",
      "integrity": "sha1-jENnqQS1HqYqkIrDEL+Z/5CoKj4="
    },
    "requires-port": {
      "version": "http://registry.npmjs.org/requires-port/-/requires-port-1.0.0.tgz",
      "integrity": "sha1-kl0mAdOaxIXgkc8NpcbmlNw9yv8="
    },
    "resolve-pathname": {
      "version": "https://registry.npmjs.org/resolve-pathname/-/resolve-pathname-2.1.0.tgz",
      "integrity": "sha1-6DWIAbhrg7F1YNTjw4LXrvIQCUQ="
    },
    "semantic-ui-css": {
      "version": "http://registry.npmjs.org/semantic-ui-css/-/semantic-ui-css-2.2.10.tgz",
      "integrity": "sha1-+PRHDb7/yg8PP/T7caNcceiK2Jw="
    },
    "semantic-ui-react": {
      "version": "https://registry.npmjs.org/semantic-ui-react/-/semantic-ui-react-0.68.5.tgz",
      "integrity": "sha1-F5u4nDh/gRcCbKAfboSQ2x/Y5xM=",
      "dependencies": {
        "prop-types": {
          "version": "15.5.8",
          "resolved": "https://registry.npmjs.org/prop-types/-/prop-types-15.5.8.tgz",
          "integrity": "sha1-a3suFBCDvjjIWVqlH8VXdccZk5Q="
        }
      }
    },
    "setimmediate": {
      "version": "http://registry.npmjs.org/setimmediate/-/setimmediate-1.0.5.tgz",
      "integrity": "sha1-KQy7Iy4waULX1+qbg3Mqt4VvgoU="
    },
    "shifty": {
      "version": "1.5.4",
      "resolved": "https://registry.npmjs.org/shifty/-/shifty-1.5.4.tgz",
      "integrity": "sha1-1DYvyRTdKA3fblIr5AiyEgMgg0Y="
    },
    "simple-assign": {
      "version": "http://registry.npmjs.org/simple-assign/-/simple-assign-0.1.0.tgz",
      "integrity": "sha1-F/0wZqXz13OPUDIbsPFMooHMS6o="
    },
    "string.prototype.repeat": {
      "version": "http://registry.npmjs.org/string.prototype.repeat/-/string.prototype.repeat-0.2.0.tgz",
      "integrity": "sha1-q6Nt4I3O5qWjN9SbLqHaGyj8Ds8="
    },
    "styled-components": {
      "version": "https://registry.npmjs.org/styled-components/-/styled-components-2.1.0.tgz",
      "integrity": "sha1-QlgF/KfvpYgKrSFx+Ya/2KLwgI8="
    },
    "stylis": {
      "version": "https://registry.npmjs.org/stylis/-/stylis-3.1.8.tgz",
      "integrity": "sha1-WeZDhh9+Z/DJ0VfX36jPJadS6DY="
    },
    "supports-color": {
      "version": "http://registry.npmjs.org/supports-color/-/supports-color-3.2.3.tgz",
      "integrity": "sha1-ZawFBLOVQXHYpklGsq48u4pfVPY="
    },
    "symbol-observable": {
      "version": "http://registry.npmjs.org/symbol-observable/-/symbol-observable-1.0.4.tgz",
      "integrity": "sha1-Kb9hXUqnEhvdiYsi1LP5vE4qoD0="
    },
    "ua-parser-js": {
      "version": "http://registry.npmjs.org/ua-parser-js/-/ua-parser-js-0.7.12.tgz",
      "integrity": "sha1-BMgamb3V3FImPqKdJMa/jUgYpLs="
    },
    "url-parse": {
      "version": "https://registry.npmjs.org/url-parse/-/url-parse-1.1.9.tgz",
      "integrity": "sha1-xn8dd11R8KGJEd17P/rSe7nlvRk="
    },
    "urllite": {
      "version": "http://registry.npmjs.org/urllite/-/urllite-0.5.0.tgz",
      "integrity": "sha1-G3u5yj+w25Ug3hE0ZrvPfMNBRRo=",
      "dependencies": {
        "xtend": {
          "version": "http://registry.npmjs.org/xtend/-/xtend-4.0.1.tgz",
          "integrity": "sha1-pcbVMr5lbiPbgg77lDofBJmNY68="
        }
      }
    },
    "value-equal": {
      "version": "https://registry.npmjs.org/value-equal/-/value-equal-0.2.1.tgz",
      "integrity": "sha1-wiCjBDYfzmmU277ao8fhobiVhx0="
    },
    "victory": {
      "version": "http://registry.npmjs.org/victory/-/victory-0.18.4.tgz",
      "integrity": "sha1-z3qaMcdc7FaSkwjUKt1gVoSPcsE="
    },
    "victory-chart": {
      "version": "http://registry.npmjs.org/victory-chart/-/victory-chart-18.2.0.tgz",
      "integrity": "sha1-KIECzqmMUpJat5v4j6OSeExfujI="
    },
    "victory-core": {
      "version": "http://registry.npmjs.org/victory-core/-/victory-core-14.1.0.tgz",
      "integrity": "sha1-0RtUeWlPv9gZ5cs+BedZv3s4nJ4="
    },
    "victory-pie": {
      "version": "http://registry.npmjs.org/victory-pie/-/victory-pie-10.3.0.tgz",
      "integrity": "sha1-mL5U3v2kSHIMSEeaZihhbhS2VXc="
    },
    "warning": {
      "version": "http://registry.npmjs.org/warning/-/warning-3.0.0.tgz",
      "integrity": "sha1-MuU3fLVy3kqwR1O9+IIcAe1gW3w="
    },
    "whatwg-fetch": {
      "version": "http://registry.npmjs.org/whatwg-fetch/-/whatwg-fetch-2.0.3.tgz",
      "integrity": "sha1-nITsLc9oGH/wC8ZOEnS0QhduHIQ="
    },
    "wrappy": {
      "version": "http://registry.npmjs.org/wrappy/-/wrappy-1.0.2.tgz",
      "integrity": "sha1-tSQ9jz7BqjXxNkYFvA0QNuMKtp8="
    },
    "xmlhttprequest": {
      "version": "http://registry.npmjs.org/xmlhttprequest/-/xmlhttprequest-1.8.0.tgz",
      "integrity": "sha1-Z/4HXFwk/vOfnWX197f+dRcZaPw="
    },
    "xss-filters": {
      "version": "http://registry.npmjs.org/xss-filters/-/xss-filters-1.2.7.tgz",
      "integrity": "sha1-Wfod4gHzby80cNysX1jMwoMLCpo="
    },
    "xtend": {
      "version": "http://registry.npmjs.org/xtend/-/xtend-3.0.0.tgz",
      "integrity": "sha1-XM50B7r2Qsunvs2laBEcST9ZZlo="
    }
  }
}
